
Microsoft Visual Studio Solution File, Format Version 12.00
# Visual Studio 15
VisualStudioVersion = 15.0.26730.12
MinimumVisualStudioVersion = 10.0.40219.1
Project("{8BC9CEB8-8B4A-11D0-8D11-00A0C91BC942}") = "최종", "최종.vcxproj", "{74B4DDB3-2E5B-433B-BB79-66CFB83A0FF9}"
EndProject
Global
	GlobalSection(SolutionConfigurationPlatforms) = preSolution
		Debug|x64 = Debug|x64
		Debug|x86 = Debug|x86
		Release|x64 = Release|x64
		Release|x86 = Release|x86
	EndGlobalSection
	GlobalSection(ProjectConfigurationPlatforms) = postSolution
		{74B4DDB3-2E5B-433B-BB79-66CFB83A0FF9}.Debug|x64.ActiveCfg = Debug|x64
		{74B4DDB3-2E5B-433B-BB79-66CFB83A0FF9}.Debug|x64.Build.0 = Debug|x64
		{74B4DDB3-2E5B-433B-BB79-66CFB83A0FF9}.Debug|x86.ActiveCfg = Debug|Win32
		{74B4DDB3-2E5B-433B-BB79-66CFB83A0FF9}.Debug|x86.Build.0 = Debug|Win32
		{74B4DDB3-2E5B-433B-BB79-66CFB83A0FF9}.Release|x64.ActiveCfg = Release|x64
		{74B4DDB3-2E5B-433B-BB79-66CFB83A0FF9}.Release|x64.Build.0 = Release|x64
		{74B4DDB3-2E5B-433B-BB79-66CFB83A0FF9}.Release|x86.ActiveCfg = Release|Win32
		{74B4DDB3-2E5B-433B-BB79-66CFB83A0FF9}.Release|x86.Build.0 = Release|Win32
	EndGlobalSection
	GlobalSection(SolutionProperties) = preSolution
		HideSolutionNode = FALSE
	EndGlobalSection
	GlobalSection(ExtensibilityGlobals) = postSolution
		SolutionGuid = {02877043-6730-4858-8210-2BE9D586D2F8}
	EndGlobalSection
EndGlobal
